
Microsoft Visual Studio Solution File, Format Version 12.00
# Visual Studio Version 16
VisualStudioVersion = 16.0.31613.86
MinimumVisualStudioVersion = 10.0.40219.1
Project("{FAE04EC0-301F-11D3-BF4B-00C04F79EFBC}") = "RSVP", "RSVP\RSVP.csproj", "{DE602293-FADF-4412-95FB-58EE451C186B}"
EndProject
Project("{2150E333-8FDC-42A3-9474-1A3956D46DE8}") = "Labs 01-07", "Labs 01-07", "{8EDCACC2-29FB-4F09-8839-3A3E79D8091F}"
EndProject
Global
	GlobalSection(SolutionConfigurationPlatforms) = preSolution
		Debug|Any CPU = Debug|Any CPU
		Release|Any CPU = Release|Any CPU
	EndGlobalSection
	GlobalSection(ProjectConfigurationPlatforms) = postSolution
		{DE602293-FADF-4412-95FB-58EE451C186B}.Debug|Any CPU.ActiveCfg = Debug|Any CPU
		{DE602293-FADF-4412-95FB-58EE451C186B}.Debug|Any CPU.Build.0 = Debug|Any CPU
		{DE602293-FADF-4412-95FB-58EE451C186B}.Release|Any CPU.ActiveCfg = Release|Any CPU
		{DE602293-FADF-4412-95FB-58EE451C186B}.Release|Any CPU.Build.0 = Release|Any CPU
	EndGlobalSection
	GlobalSection(SolutionProperties) = preSolution
		HideSolutionNode = FALSE
	EndGlobalSection
	GlobalSection(NestedProjects) = preSolution
		{DE602293-FADF-4412-95FB-58EE451C186B} = {8EDCACC2-29FB-4F09-8839-3A3E79D8091F}
	EndGlobalSection
	GlobalSection(ExtensibilityGlobals) = postSolution
		SolutionGuid = {CF460480-FE92-4019-AAC8-211EDAE17C15}
	EndGlobalSection
EndGlobal
